{
  "name": "full_calendar",
  "version": "0.0.0",
  "lockfileVersion": 1,
  "requires": true,
  "dependencies": {
    "@fullcalendar/angular": {
      "version": "5.9.0",
      "resolved": "https://registry.npmjs.org/@fullcalendar/angular/-/angular-5.9.0.tgz",
      "integrity": "sha512-vP3EA7ikNryFR6KsF9Dck9gCEDotd3kYxo4pIkIO4eRwYv159s7h4fJdNMm9TlrzMGidQZAmGVRN72JrMMyAew==",
      "requires": {
        "@fullcalendar/core": "~5.9.0",
        "fast-deep-equal": "^3.1.1",
        "tslib": "^2.0.0"
      }
    },
    "@fullcalendar/common": {
      "version": "5.9.0",
      "resolved": "https://registry.npmjs.org/@fullcalendar/common/-/common-5.9.0.tgz",
      "integrity": "sha512-wfUDRg53gzUU7Ng1wqjvvM2ncFx+5PiyCq5k2KjEbMourv7m4Zw6B3xlhpQbfUv3WOnbJgwLLNLFEMcsEJpXBQ==",
      "requires": {
        "tslib": "^2.1.0"
      }
    },
    "@fullcalendar/core": {
      "version": "5.9.0",
      "resolved": "https://registry.npmjs.org/@fullcalendar/core/-/core-5.9.0.tgz",
      "integrity": "sha512-3+zSm8ykXqM2vEGYp4P/BEoR2TB0W9mN6zBGZ6SY9y0nC+Fc0+ZXJmFlYmrEYSdO4kmREnlxntkp1+o9mu8PIQ==",
      "requires": {
        "@fullcalendar/common": "~5.9.0",
        "preact": "^10.0.5",
        "tslib": "^2.1.0"
      }
    },
    "@fullcalendar/daygrid": {
      "version": "5.9.0",
      "resolved": "https://registry.npmjs.org/@fullcalendar/daygrid/-/daygrid-5.9.0.tgz",
      "integrity": "sha512-yTYjTM+bjTWfq5uUnSMBH4j1il+b0IAAe+q2UcAeky4iggwn9pi+taUtETtlPTQCSBSWaF8TuEZ3+apB0RrjyQ==",
      "requires": {
        "@fullcalendar/common": "~5.9.0",
        "tslib": "^2.1.0"
      }
    },
    "@fullcalendar/interaction": {
      "version": "5.9.0",
      "resolved": "https://registry.npmjs.org/@fullcalendar/interaction/-/interaction-5.9.0.tgz",
      "integrity": "sha512-bBvcY3Mh2z4rP5AqB8dL76SljPEVCVawNmdQlcKShedhxvkkMR1zMcJ3sgabLBvXqooC9f+PbmEb5LlSGEse3A==",
      "requires": {
        "@fullcalendar/common": "~5.9.0",
        "tslib": "^2.1.0"
      }
    },
    "@fullcalendar/list": {
      "version": "5.9.0",
      "resolved": "https://registry.npmjs.org/@fullcalendar/list/-/list-5.9.0.tgz",
      "integrity": "sha512-bpekkh0RNitVgX33Y3dsorcUEs2E+KJ5qQaH26FNwYShVi1RmqQ7CDNVqIXKiAJwBWMjNJv8xHayTv01XYbmTA==",
      "requires": {
        "@fullcalendar/common": "~5.9.0",
        "tslib": "^2.1.0"
      }
    },
    "@fullcalendar/premium-common": {
      "version": "5.9.0",
      "resolved": "https://registry.npmjs.org/@fullcalendar/premium-common/-/premium-common-5.9.0.tgz",
      "integrity": "sha512-Ri5rnCgcJxYi4lQy/qOc78i3KkD0cPJgEqJLSn9JA6ijvSVVTIQCQjIRA9vou5UekTIQyf0jt4d++xi1HxIhig==",
      "requires": {
        "@fullcalendar/common": "~5.9.0",
        "tslib": "^2.1.0"
      }
    },
    "@fullcalendar/resource-common": {
      "version": "5.9.0",
      "resolved": "https://registry.npmjs.org/@fullcalendar/resource-common/-/resource-common-5.9.0.tgz",
      "integrity": "sha512-r23WQjv2iF1Py/TLokS8haPRQbX0HZLWlpk7tFf9B4y8Y9uuP6kMBYK1I7KbfqmRHfDO6tAB2ku4ugI94G8SiA==",
      "requires": {
        "@fullcalendar/common": "~5.9.0",
        "@fullcalendar/premium-common": "~5.9.0",
        "tslib": "^2.1.0"
      }
    },
    "@fullcalendar/resource-timeline": {
      "version": "5.9.0",
      "resolved": "https://registry.npmjs.org/@fullcalendar/resource-timeline/-/resource-timeline-5.9.0.tgz",
      "integrity": "sha512-mN71PgBDoK/R+/WvOdT/DYfD+rWaFcYttLAVtE0G/p2QiiC/eSgWHTm6iycfhv7y4qaQQhP6Pe6beKdhmxFtOg==",
      "requires": {
        "@fullcalendar/common": "~5.9.0",
        "@fullcalendar/premium-common": "~5.9.0",
        "@fullcalendar/resource-common": "~5.9.0",
        "@fullcalendar/scrollgrid": "~5.9.0",
        "@fullcalendar/timeline": "~5.9.0",
        "tslib": "^2.1.0"
      }
    },
    "@fullcalendar/scrollgrid": {
      "version": "5.9.0",
      "resolved": "https://registry.npmjs.org/@fullcalendar/scrollgrid/-/scrollgrid-5.9.0.tgz",
      "integrity": "sha512-AHRhvcZAaFtt7oLABKMvq79+7zvBnkJvHNPSQ22uMRG2R6JANfSvjZOCD4qYfC5Hl/WxcrhV6i6DA6npZAZT8w==",
      "requires": {
        "@fullcalendar/common": "~5.9.0",
        "@fullcalendar/premium-common": "~5.9.0",
        "tslib": "^2.1.0"
      }
    },
    "@fullcalendar/timegrid": {
      "version": "5.9.0",
      "resolved": "https://registry.npmjs.org/@fullcalendar/timegrid/-/timegrid-5.9.0.tgz",
      "integrity": "sha512-X9JLepHz6hSuiziVkIlgBkx/W/5E4nIqJ6i0LISk3zPFH/Arn0QjQU345ISys8OTwezPUgJvLGrl4Yy4/gRULw==",
      "requires": {
        "@fullcalendar/common": "~5.9.0",
        "@fullcalendar/daygrid": "~5.9.0",
        "tslib": "^2.1.0"
      }
    },
    "@fullcalendar/timeline": {
      "version": "5.9.0",
      "resolved": "https://registry.npmjs.org/@fullcalendar/timeline/-/timeline-5.9.0.tgz",
      "integrity": "sha512-/B6eKMf2psKSRQlKnNZumuq5b+etfUSY1s3SQ8vOFz9DYzXkOnIw9y2BjxsVZDK2DslecKyLblsE70lrVfhWUQ==",
      "requires": {
        "@fullcalendar/common": "~5.9.0",
        "@fullcalendar/premium-common": "~5.9.0",
        "@fullcalendar/scrollgrid": "~5.9.0",
        "tslib": "^2.1.0"
      }
    },
    "@types/fullcalendar": {
      "version": "3.8.0",
      "resolved": "https://registry.npmjs.org/@types/fullcalendar/-/fullcalendar-3.8.0.tgz",
      "integrity": "sha512-uxYNAnvH7s3asQjkH8p0K1V4ENMLQDGNmFHWA7/iRZwU13A7RCOvnNoRapEIIRx8hI/+wHWkd4Q9KmpVCQfIEg==",
      "dev": true,
      "requires": {
        "fullcalendar": "*"
      }
    },
    "colorette": {
      "version": "1.3.0",
      "resolved": "https://registry.npmjs.org/colorette/-/colorette-1.3.0.tgz",
      "integrity": "sha512-ecORCqbSFP7Wm8Y6lyqMJjexBQqXSF7SSeaTyGGphogUjBlFP9m9o08wy86HL2uB7fMTxtOUzLMk7ogKcxMg1w==",
      "dev": true
    },
    "esbuild": {
      "version": "0.12.20",
      "resolved": "https://registry.npmjs.org/esbuild/-/esbuild-0.12.20.tgz",
      "integrity": "sha512-u7+0qTo9Z64MD9PhooEngCmzyEYJ6ovFhPp8PLNh3UasR5Ihjv6HWVXqm8uHmasdQlpsAf0IsY4U0YVUfCpt4Q==",
      "dev": true
    },
    "fast-deep-equal": {
      "version": "3.1.3",
      "resolved": "https://registry.npmjs.org/fast-deep-equal/-/fast-deep-equal-3.1.3.tgz",
      "integrity": "sha512-f3qQ9oQy9j2AhBe/H9VC91wLmKBCCU/gDOnKNAYG5hswO7BLKj09Hc5HYNz9cGI++xlpDCIgDaitVs03ATR84Q=="
    },
    "fsevents": {
      "version": "2.3.2",
      "resolved": "https://registry.npmjs.org/fsevents/-/fsevents-2.3.2.tgz",
      "integrity": "sha512-xiqMQR4xAeHTuB9uWm+fFRcIOgKBMiOBP+eXiyT7jsgVCq1bkVygt00oASowB7EdtpOHaaPgKt812P9ab+DDKA==",
      "dev": true,
      "optional": true
    },
    "fullcalendar": {
      "version": "5.9.0",
      "resolved": "https://registry.npmjs.org/fullcalendar/-/fullcalendar-5.9.0.tgz",
      "integrity": "sha512-kUfkWov2YQFemafgL0x9ogx2TPmgZze/VsWYvmajgr+bmoVY28XXErQ3MGfgWbM18QWdmvBIVhJCGY81MdbL+w=="
    },
    "function-bind": {
      "version": "1.1.1",
      "resolved": "https://registry.npmjs.org/function-bind/-/function-bind-1.1.1.tgz",
      "integrity": "sha512-yIovAzMX49sF8Yl58fSCWJ5svSLuaibPxXQJFLmBObTuCr0Mf1KiPopGM9NiFjiYBCbfaa2Fh6breQ6ANVTI0A==",
      "dev": true
    },
    "has": {
      "version": "1.0.3",
      "resolved": "https://registry.npmjs.org/has/-/has-1.0.3.tgz",
      "integrity": "sha512-f2dvO0VU6Oej7RkWJGrehjbzMAjFp5/VKPp5tTpWIV4JHHZK1/BxbFRtf/siA2SWTe09caDmVtYYzWEIbBS4zw==",
      "dev": true,
      "requires": {
        "function-bind": "^1.1.1"
      }
    },
    "is-core-module": {
      "version": "2.6.0",
      "resolved": "https://registry.npmjs.org/is-core-module/-/is-core-module-2.6.0.tgz",
      "integrity": "sha512-wShG8vs60jKfPWpF2KZRaAtvt3a20OAn7+IJ6hLPECpSABLcKtFKTTI4ZtH5QcBruBHlq+WsdHWyz0BCZW7svQ==",
      "dev": true,
      "requires": {
        "has": "^1.0.3"
      }
    },
    "nanoid": {
      "version": "3.1.25",
      "resolved": "https://registry.npmjs.org/nanoid/-/nanoid-3.1.25.tgz",
      "integrity": "sha512-rdwtIXaXCLFAQbnfqDRnI6jaRHp9fTcYBjtFKE8eezcZ7LuLjhUaQGNeMXf1HmRoCH32CLz6XwX0TtxEOS/A3Q==",
      "dev": true
    },
    "path-parse": {
      "version": "1.0.7",
      "resolved": "https://registry.npmjs.org/path-parse/-/path-parse-1.0.7.tgz",
      "integrity": "sha512-LDJzPVEEEPR+y48z93A0Ed0yXb8pAByGWo/k5YYdYgpY2/2EsOsksJrq7lOHxryrVOn1ejG6oAp8ahvOIQD8sw==",
      "dev": true
    },
    "postcss": {
      "version": "8.3.6",
      "resolved": "https://registry.npmjs.org/postcss/-/postcss-8.3.6.tgz",
      "integrity": "sha512-wG1cc/JhRgdqB6WHEuyLTedf3KIRuD0hG6ldkFEZNCjRxiC+3i6kkWUUbiJQayP28iwG35cEmAbe98585BYV0A==",
      "dev": true,
      "requires": {
        "colorette": "^1.2.2",
        "nanoid": "^3.1.23",
        "source-map-js": "^0.6.2"
      }
    },
    "preact": {
      "version": "10.5.14",
      "resolved": "https://registry.npmjs.org/preact/-/preact-10.5.14.tgz",
      "integrity": "sha512-KojoltCrshZ099ksUZ2OQKfbH66uquFoxHSbnwKbTJHeQNvx42EmC7wQVWNuDt6vC5s3nudRHFtKbpY4ijKlaQ=="
    },
    "resolve": {
      "version": "1.20.0",
      "resolved": "https://registry.npmjs.org/resolve/-/resolve-1.20.0.tgz",
      "integrity": "sha512-wENBPt4ySzg4ybFQW2TT1zMQucPK95HSh/nq2CFTZVOGut2+pQvSsgtda4d26YrYcr067wjbmzOG8byDPBX63A==",
      "dev": true,
      "requires": {
        "is-core-module": "^2.2.0",
        "path-parse": "^1.0.6"
      }
    },
    "rollup": {
      "version": "2.56.2",
      "resolved": "https://registry.npmjs.org/rollup/-/rollup-2.56.2.tgz",
      "integrity": "sha512-s8H00ZsRi29M2/lGdm1u8DJpJ9ML8SUOpVVBd33XNeEeL3NVaTiUcSBHzBdF3eAyR0l7VSpsuoVUGrRHq7aPwQ==",
      "dev": true,
      "requires": {
        "fsevents": "~2.3.2"
      }
    },
    "source-map-js": {
      "version": "0.6.2",
      "resolved": "https://registry.npmjs.org/source-map-js/-/source-map-js-0.6.2.tgz",
      "integrity": "sha512-/3GptzWzu0+0MBQFrDKzw/DvvMTUORvgY6k6jd/VS6iCR4RDTKWH6v6WPwQoUO8667uQEf9Oe38DxAYWY5F/Ug==",
      "dev": true
    },
    "tslib": {
      "version": "2.3.1",
      "resolved": "https://registry.npmjs.org/tslib/-/tslib-2.3.1.tgz",
      "integrity": "sha512-77EbyPPpMz+FRFRuAFlWMtmgUWGe9UOG2Z25NqCwiIjRhOf5iKGuzSe5P2w1laq+FkRy4p+PCuVkJSGkzTEKVw=="
    },
    "vite": {
      "version": "2.5.0",
      "resolved": "https://registry.npmjs.org/vite/-/vite-2.5.0.tgz",
      "integrity": "sha512-Dn4B+g54PJsMG5WCc4QeFy1ygMXRdTtFrUPegqfk4+vzVQcbF/DqqmI/1bxezArzbujBJg/67QeT5wz8edfJVQ==",
      "dev": true,
      "requires": {
        "esbuild": "^0.12.17",
        "fsevents": "~2.3.2",
        "postcss": "^8.3.6",
        "resolve": "^1.20.0",
        "rollup": "^2.38.5"
      }
    }
  }
}
